
Microsoft Visual Studio Solution File, Format Version 12.00
# Visual Studio 14
VisualStudioVersion = 14.0.23107.0
MinimumVisualStudioVersion = 10.0.40219.1
Project("{FAE04EC0-301F-11D3-BF4B-00C04F79EFBC}") = "RightCrowd.CompareTool", "RightCrowd.CompareTool\RightCrowd.CompareTool.csproj", "{EEBE2904-68CE-4736-AD24-D130F4F3641C}"
EndProject
Project("{FAE04EC0-301F-11D3-BF4B-00C04F79EFBC}") = "RightCrowd.CompareTool.Tests", "RightCrowd.CompareTool.Tests\RightCrowd.CompareTool.Tests.csproj", "{77E83BD1-6438-4666-9519-2C9A5DA934E8}"
EndProject
Global
	GlobalSection(SolutionConfigurationPlatforms) = preSolution
		Debug|Any CPU = Debug|Any CPU
		Release|Any CPU = Release|Any CPU
	EndGlobalSection
	GlobalSection(ProjectConfigurationPlatforms) = postSolution
		{EEBE2904-68CE-4736-AD24-D130F4F3641C}.Debug|Any CPU.ActiveCfg = Debug|Any CPU
		{EEBE2904-68CE-4736-AD24-D130F4F3641C}.Debug|Any CPU.Build.0 = Debug|Any CPU
		{EEBE2904-68CE-4736-AD24-D130F4F3641C}.Release|Any CPU.ActiveCfg = Release|Any CPU
		{EEBE2904-68CE-4736-AD24-D130F4F3641C}.Release|Any CPU.Build.0 = Release|Any CPU
		{77E83BD1-6438-4666-9519-2C9A5DA934E8}.Debug|Any CPU.ActiveCfg = Debug|Any CPU
		{77E83BD1-6438-4666-9519-2C9A5DA934E8}.Debug|Any CPU.Build.0 = Debug|Any CPU
		{77E83BD1-6438-4666-9519-2C9A5DA934E8}.Release|Any CPU.ActiveCfg = Release|Any CPU
		{77E83BD1-6438-4666-9519-2C9A5DA934E8}.Release|Any CPU.Build.0 = Release|Any CPU
	EndGlobalSection
	GlobalSection(SolutionProperties) = preSolution
		HideSolutionNode = FALSE
	EndGlobalSection
EndGlobal
